
Microsoft Visual Studio Solution File, Format Version 12.00
# Visual Studio Version 17
VisualStudioVersion = 17.4.33110.190
MinimumVisualStudioVersion = 10.0.40219.1
Project("{9A19103F-16F7-4668-BE54-9A1E7A4F7556}") = "FPIS", "FPIS.csproj", "{633934E3-47F4-426F-96B3-45C5D6B54AB3}"
EndProject
Project("{2150E333-8FDC-42A3-9474-1A3956D46DE8}") = "test", "test", "{1F8E0670-7CB5-4C7C-8173-C9752162BA8E}"
EndProject
Project("{9A19103F-16F7-4668-BE54-9A1E7A4F7556}") = "FPIS_TEST", "..\test\FPIS_TEST\FPIS_TEST.csproj", "{C56512B7-D360-4A24-AEE1-76685998F227}"
EndProject
Project("{FAE04EC0-301F-11D3-BF4B-00C04F79EFBC}") = "Reports", "..\reports\Reports\Reports\Reports.csproj", "{2E5172DF-AE8A-4356-8B1A-82A188F2B4EA}"
EndProject
Global
	GlobalSection(SolutionConfigurationPlatforms) = preSolution
		Debug|Any CPU = Debug|Any CPU
		Release|Any CPU = Release|Any CPU
	EndGlobalSection
	GlobalSection(ProjectConfigurationPlatforms) = postSolution
		{633934E3-47F4-426F-96B3-45C5D6B54AB3}.Debug|Any CPU.ActiveCfg = Debug|Any CPU
		{633934E3-47F4-426F-96B3-45C5D6B54AB3}.Debug|Any CPU.Build.0 = Debug|Any CPU
		{633934E3-47F4-426F-96B3-45C5D6B54AB3}.Release|Any CPU.ActiveCfg = Release|Any CPU
		{633934E3-47F4-426F-96B3-45C5D6B54AB3}.Release|Any CPU.Build.0 = Release|Any CPU
		{C56512B7-D360-4A24-AEE1-76685998F227}.Debug|Any CPU.ActiveCfg = Debug|Any CPU
		{C56512B7-D360-4A24-AEE1-76685998F227}.Debug|Any CPU.Build.0 = Debug|Any CPU
		{C56512B7-D360-4A24-AEE1-76685998F227}.Release|Any CPU.ActiveCfg = Release|Any CPU
		{C56512B7-D360-4A24-AEE1-76685998F227}.Release|Any CPU.Build.0 = Release|Any CPU
		{2E5172DF-AE8A-4356-8B1A-82A188F2B4EA}.Debug|Any CPU.ActiveCfg = Debug|Any CPU
		{2E5172DF-AE8A-4356-8B1A-82A188F2B4EA}.Debug|Any CPU.Build.0 = Debug|Any CPU
		{2E5172DF-AE8A-4356-8B1A-82A188F2B4EA}.Release|Any CPU.ActiveCfg = Release|Any CPU
		{2E5172DF-AE8A-4356-8B1A-82A188F2B4EA}.Release|Any CPU.Build.0 = Release|Any CPU
	EndGlobalSection
	GlobalSection(SolutionProperties) = preSolution
		HideSolutionNode = FALSE
	EndGlobalSection
	GlobalSection(NestedProjects) = preSolution
		{C56512B7-D360-4A24-AEE1-76685998F227} = {1F8E0670-7CB5-4C7C-8173-C9752162BA8E}
	EndGlobalSection
	GlobalSection(ExtensibilityGlobals) = postSolution
		SolutionGuid = {41733BDE-83B1-466A-95A6-0D5447FD8EEA}
	EndGlobalSection
EndGlobal
