
Microsoft Visual Studio Solution File, Format Version 12.00
# Visual Studio Version 17
VisualStudioVersion = 17.4.33110.190
MinimumVisualStudioVersion = 10.0.40219.1
Project("{9A19103F-16F7-4668-BE54-9A1E7A4F7556}") = "FPIS", "FPIS.csproj", "{633934E3-47F4-426F-96B3-45C5D6B54AB3}"
EndProject
Project("{2150E333-8FDC-42A3-9474-1A3956D46DE8}") = "test", "test", "{1F8E0670-7CB5-4C7C-8173-C9752162BA8E}"
EndProject
Global
	GlobalSection(SolutionConfigurationPlatforms) = preSolution
		Debug|Any CPU = Debug|Any CPU
		Release|Any CPU = Release|Any CPU
	EndGlobalSection
	GlobalSection(ProjectConfigurationPlatforms) = postSolution
		{633934E3-47F4-426F-96B3-45C5D6B54AB3}.Debug|Any CPU.ActiveCfg = Debug|Any CPU
		{633934E3-47F4-426F-96B3-45C5D6B54AB3}.Debug|Any CPU.Build.0 = Debug|Any CPU
		{633934E3-47F4-426F-96B3-45C5D6B54AB3}.Release|Any CPU.ActiveCfg = Release|Any CPU
		{633934E3-47F4-426F-96B3-45C5D6B54AB3}.Release|Any CPU.Build.0 = Release|Any CPU
	EndGlobalSection
	GlobalSection(SolutionProperties) = preSolution
		HideSolutionNode = FALSE
	EndGlobalSection
	GlobalSection(ExtensibilityGlobals) = postSolution
		SolutionGuid = {41733BDE-83B1-466A-95A6-0D5447FD8EEA}
	EndGlobalSection
EndGlobal
